
Microsoft Visual Studio Solution File, Format Version 12.00
Project("{2150E333-8FDC-42A3-9474-1A3956D46DE8}") = "UMS.Presentation", "UMS.Presentation", "{75EDE0E2-AA3C-48F1-8497-1A21CBAE4D82}"
EndProject
Project("{2150E333-8FDC-42A3-9474-1A3956D46DE8}") = "UMS.Domain", "UMS.Domain", "{123353E0-E81D-4B41-B3B4-1898BE43E383}"
EndProject
Project("{FAE04EC0-301F-11D3-BF4B-00C04F79EFBC}") = "UMS.Api", "UMS.Api\UMS.Api.csproj", "{737610EF-F77F-4E57-A644-D9AAC4C94C92}"
EndProject
Project("{2150E333-8FDC-42A3-9474-1A3956D46DE8}") = "UMS.Infastructure", "UMS.Infastructure", "{1014FF69-77B3-46FD-B854-86F62D106492}"
EndProject
Project("{FAE04EC0-301F-11D3-BF4B-00C04F79EFBC}") = "Persistence", "Persistence\Persistence.csproj", "{0FC2C11A-9B0B-45C8-A0C8-6738234ED1CC}"
EndProject
Project("{FAE04EC0-301F-11D3-BF4B-00C04F79EFBC}") = "DomainLibrary", "DomainLibrary\DomainLibrary.csproj", "{DB3432ED-C0E9-45A0-8100-5972F17266AC}"
EndProject
Project("{2150E333-8FDC-42A3-9474-1A3956D46DE8}") = "UMS.Application", "UMS.Application", "{7E15492D-02F2-4786-8578-140E6353DF08}"
EndProject
Project("{FAE04EC0-301F-11D3-BF4B-00C04F79EFBC}") = "App", "App\App.csproj", "{9BEDC5AE-592E-42FA-9970-1EF28BBC83D9}"
EndProject
Global
	GlobalSection(SolutionConfigurationPlatforms) = preSolution
		Debug|Any CPU = Debug|Any CPU
		Release|Any CPU = Release|Any CPU
	EndGlobalSection
	GlobalSection(NestedProjects) = preSolution
		{737610EF-F77F-4E57-A644-D9AAC4C94C92} = {75EDE0E2-AA3C-48F1-8497-1A21CBAE4D82}
		{0FC2C11A-9B0B-45C8-A0C8-6738234ED1CC} = {1014FF69-77B3-46FD-B854-86F62D106492}
		{DB3432ED-C0E9-45A0-8100-5972F17266AC} = {123353E0-E81D-4B41-B3B4-1898BE43E383}
		{9BEDC5AE-592E-42FA-9970-1EF28BBC83D9} = {7E15492D-02F2-4786-8578-140E6353DF08}
	EndGlobalSection
	GlobalSection(ProjectConfigurationPlatforms) = postSolution
		{737610EF-F77F-4E57-A644-D9AAC4C94C92}.Debug|Any CPU.ActiveCfg = Debug|Any CPU
		{737610EF-F77F-4E57-A644-D9AAC4C94C92}.Debug|Any CPU.Build.0 = Debug|Any CPU
		{737610EF-F77F-4E57-A644-D9AAC4C94C92}.Release|Any CPU.ActiveCfg = Release|Any CPU
		{737610EF-F77F-4E57-A644-D9AAC4C94C92}.Release|Any CPU.Build.0 = Release|Any CPU
		{0FC2C11A-9B0B-45C8-A0C8-6738234ED1CC}.Debug|Any CPU.ActiveCfg = Debug|Any CPU
		{0FC2C11A-9B0B-45C8-A0C8-6738234ED1CC}.Debug|Any CPU.Build.0 = Debug|Any CPU
		{0FC2C11A-9B0B-45C8-A0C8-6738234ED1CC}.Release|Any CPU.ActiveCfg = Release|Any CPU
		{0FC2C11A-9B0B-45C8-A0C8-6738234ED1CC}.Release|Any CPU.Build.0 = Release|Any CPU
		{DB3432ED-C0E9-45A0-8100-5972F17266AC}.Debug|Any CPU.ActiveCfg = Debug|Any CPU
		{DB3432ED-C0E9-45A0-8100-5972F17266AC}.Debug|Any CPU.Build.0 = Debug|Any CPU
		{DB3432ED-C0E9-45A0-8100-5972F17266AC}.Release|Any CPU.ActiveCfg = Release|Any CPU
		{DB3432ED-C0E9-45A0-8100-5972F17266AC}.Release|Any CPU.Build.0 = Release|Any CPU
		{9BEDC5AE-592E-42FA-9970-1EF28BBC83D9}.Debug|Any CPU.ActiveCfg = Debug|Any CPU
		{9BEDC5AE-592E-42FA-9970-1EF28BBC83D9}.Debug|Any CPU.Build.0 = Debug|Any CPU
		{9BEDC5AE-592E-42FA-9970-1EF28BBC83D9}.Release|Any CPU.ActiveCfg = Release|Any CPU
		{9BEDC5AE-592E-42FA-9970-1EF28BBC83D9}.Release|Any CPU.Build.0 = Release|Any CPU
	EndGlobalSection
EndGlobal
